<?xml version="1.0" encoding="utf-8"?>
<Project ToolsVersion="4.0" xmlns="http://schemas.microsoft.com/developer/msbuild/2003">
  <ItemGroup>
    <Filter Include="Source Files">
      <UniqueIdentifier>{4FC737F1-C7A5-4376-A066-2A32D752A2FF}</UniqueIdentifier>
      <Extensions>cpp;c;cc;cxx;c++;cppm;ixx;def;odl;idl;hpj;bat;asm;asmx</Extensions>
    </Filter>
    <Filter Include="Header Files">
      <UniqueIdentifier>{93995380-89BD-4b04-88EB-625FBE52EBFB}</UniqueIdentifier>
      <Extensions>h;hh;hpp;hxx;h++;hm;inl;inc;ipp;xsd</Extensions>
    </Filter>
    <Filter Include="Resource Files">
      <UniqueIdentifier>{67DA6AB6-F800-4c08-8B7A-83BB121AAD01}</UniqueIdentifier>
      <Extensions>rc;ico;cur;bmp;dlg;rc2;rct;bin;rgs;gif;jpg;jpeg;jpe;resx;tiff;tif;png;wav;mfcribbon-ms</Extensions>
    </Filter>
  </ItemGroup>
  <ItemGroup>
    <ClInclude Include="pch.h">
      <Filter>Header Files</Filter>
    </ClInclude>
    <ClInclude Include="Diva.h">
      <Filter>Header Files</Filter>
    </ClInclude>
    <ClInclude Include="Dependencies\SigScan.h">
      <Filter>Header Files</Filter>
    </ClInclude>
    <ClInclude Include="Dependencies\nlohmann\json.hpp">
      <Filter>Header Files</Filter>
    </ClInclude>
    <ClInclude Include="Dependencies\Helpers.h">
      <Filter>Header Files</Filter>
    </ClInclude>
    <ClInclude Include="core_types.h">
      <Filter>Header Files</Filter>
    </ClInclude>
    <ClInclude Include="virtualKey.h">
      <Filter>Header Files</Filter>
    </ClInclude>
    <ClInclude Include="APDeathLink.h">
      <Filter>Header Files</Filter>
    </ClInclude>
    <ClInclude Include="APTraps.h">
      <Filter>Header Files</Filter>
    </ClInclude>
    <ClInclude Include="APLogger.h">
      <Filter>Header Files</Filter>
    </ClInclude>
    <ClInclude Include="APIDHandler.h">
      <Filter>Header Files</Filter>
    </ClInclude>
    <ClInclude Include="APReload.h">
      <Filter>Header Files</Filter>
    </ClInclude>
    <ClInclude Include="APGUI.h">
      <Filter>Header Files</Filter>
    </ClInclude>
    <ClInclude Include="APClient.h">
      <Filter>Header Files</Filter>
    </ClInclude>
  </ItemGroup>
  <ItemGroup>
    <ClCompile Include="pch.cpp">
      <Filter>Source Files</Filter>
    </ClCompile>
    <ClCompile Include="Mod.cpp">
      <Filter>Source Files</Filter>
    </ClCompile>
    <ClCompile Include="Dependencies\SigScan.cpp">
      <Filter>Source Files</Filter>
    </ClCompile>
    <ClCompile Include="APDeathLink.cpp">
      <Filter>Source Files</Filter>
    </ClCompile>
    <ClCompile Include="APTraps.cpp">
      <Filter>Source Files</Filter>
    </ClCompile>
    <ClCompile Include="APLogger.cpp">
      <Filter>Source Files</Filter>
    </ClCompile>
    <ClCompile Include="APIDHandler.cpp">
      <Filter>Source Files</Filter>
    </ClCompile>
    <ClCompile Include="APReload.cpp">
      <Filter>Source Files</Filter>
    </ClCompile>
    <ClCompile Include="Dependencies\imgui\imgui.cpp">
      <Filter>Source Files</Filter>
    </ClCompile>
    <ClCompile Include="Dependencies\imgui\imgui_demo.cpp">
      <Filter>Source Files</Filter>
    </ClCompile>
    <ClCompile Include="Dependencies\imgui\imgui_impl_dx11.cpp">
      <Filter>Source Files</Filter>
    </ClCompile>
    <ClCompile Include="Dependencies\imgui\imgui_impl_win32.cpp">
      <Filter>Source Files</Filter>
    </ClCompile>
    <ClCompile Include="Dependencies\imgui\imgui_tables.cpp">
      <Filter>Source Files</Filter>
    </ClCompile>
    <ClCompile Include="Dependencies\imgui\imgui_widgets.cpp">
      <Filter>Source Files</Filter>
    </ClCompile>
    <ClCompile Include="Dependencies\imgui\imgui_draw.cpp">
      <Filter>Source Files</Filter>
    </ClCompile>
    <ClCompile Include="APGUI.cpp">
      <Filter>Source Files</Filter>
    </ClCompile>
    <ClCompile Include="APClient.cpp">
      <Filter>Source Files</Filter>
    </ClCompile>
  </ItemGroup>
  <ItemGroup>
    <Library Include="Dependencies\Detours\lib\detours.lib" />
  </ItemGroup>
</Project>